
Microsoft Visual Studio Solution File, Format Version 12.00
# Visual Studio Version 17
VisualStudioVersion = 17.2.32630.192
MinimumVisualStudioVersion = 10.0.40219.1
Project("{9A19103F-16F7-4668-BE54-9A1E7A4F7556}") = "SingleResponsibility", "SingleResponsibility\SingleResponsibility.csproj", "{EC11F41D-C3FA-435D-9075-5A7EAC6DA928}"
EndProject
Project("{9A19103F-16F7-4668-BE54-9A1E7A4F7556}") = "OpenClosed", "OpenClosed\OpenClosed.csproj", "{F500D5FA-F19A-4442-BED4-D3B12A3C6CC0}"
EndProject
Project("{FAE04EC0-301F-11D3-BF4B-00C04F79EFBC}") = "LiskovSubstitution", "LiskovSubstitution\LiskovSubstitution.csproj", "{4EA07E7A-B7C1-45BC-9189-2E291B537284}"
EndProject
Project("{FAE04EC0-301F-11D3-BF4B-00C04F79EFBC}") = "InterfaceSegregation", "InterfaceSegregation\InterfaceSegregation.csproj", "{6D36CBE8-56AC-42FD-B37A-D199BAA5D991}"
EndProject
Project("{FAE04EC0-301F-11D3-BF4B-00C04F79EFBC}") = "DependencyInversion", "DependencyInversion\DependencyInversion.csproj", "{03EE228D-4BBD-4B5E-A8FE-FA9D036034D4}"
EndProject
Global
	GlobalSection(SolutionConfigurationPlatforms) = preSolution
		Debug|Any CPU = Debug|Any CPU
		Release|Any CPU = Release|Any CPU
	EndGlobalSection
	GlobalSection(ProjectConfigurationPlatforms) = postSolution
		{EC11F41D-C3FA-435D-9075-5A7EAC6DA928}.Debug|Any CPU.ActiveCfg = Debug|Any CPU
		{EC11F41D-C3FA-435D-9075-5A7EAC6DA928}.Debug|Any CPU.Build.0 = Debug|Any CPU
		{EC11F41D-C3FA-435D-9075-5A7EAC6DA928}.Release|Any CPU.ActiveCfg = Release|Any CPU
		{EC11F41D-C3FA-435D-9075-5A7EAC6DA928}.Release|Any CPU.Build.0 = Release|Any CPU
		{F500D5FA-F19A-4442-BED4-D3B12A3C6CC0}.Debug|Any CPU.ActiveCfg = Debug|Any CPU
		{F500D5FA-F19A-4442-BED4-D3B12A3C6CC0}.Debug|Any CPU.Build.0 = Debug|Any CPU
		{F500D5FA-F19A-4442-BED4-D3B12A3C6CC0}.Release|Any CPU.ActiveCfg = Release|Any CPU
		{F500D5FA-F19A-4442-BED4-D3B12A3C6CC0}.Release|Any CPU.Build.0 = Release|Any CPU
		{4EA07E7A-B7C1-45BC-9189-2E291B537284}.Debug|Any CPU.ActiveCfg = Debug|Any CPU
		{4EA07E7A-B7C1-45BC-9189-2E291B537284}.Debug|Any CPU.Build.0 = Debug|Any CPU
		{4EA07E7A-B7C1-45BC-9189-2E291B537284}.Release|Any CPU.ActiveCfg = Release|Any CPU
		{4EA07E7A-B7C1-45BC-9189-2E291B537284}.Release|Any CPU.Build.0 = Release|Any CPU
		{6D36CBE8-56AC-42FD-B37A-D199BAA5D991}.Debug|Any CPU.ActiveCfg = Debug|Any CPU
		{6D36CBE8-56AC-42FD-B37A-D199BAA5D991}.Debug|Any CPU.Build.0 = Debug|Any CPU
		{6D36CBE8-56AC-42FD-B37A-D199BAA5D991}.Release|Any CPU.ActiveCfg = Release|Any CPU
		{6D36CBE8-56AC-42FD-B37A-D199BAA5D991}.Release|Any CPU.Build.0 = Release|Any CPU
		{03EE228D-4BBD-4B5E-A8FE-FA9D036034D4}.Debug|Any CPU.ActiveCfg = Debug|Any CPU
		{03EE228D-4BBD-4B5E-A8FE-FA9D036034D4}.Debug|Any CPU.Build.0 = Debug|Any CPU
		{03EE228D-4BBD-4B5E-A8FE-FA9D036034D4}.Release|Any CPU.ActiveCfg = Release|Any CPU
		{03EE228D-4BBD-4B5E-A8FE-FA9D036034D4}.Release|Any CPU.Build.0 = Release|Any CPU
	EndGlobalSection
	GlobalSection(SolutionProperties) = preSolution
		HideSolutionNode = FALSE
	EndGlobalSection
	GlobalSection(ExtensibilityGlobals) = postSolution
		SolutionGuid = {415FDC42-C4EF-4FA7-B8DC-3AEA0B088654}
	EndGlobalSection
EndGlobal
